
Microsoft Visual Studio Solution File, Format Version 12.00
# Visual Studio Version 17
VisualStudioVersion = 17.14.36429.23 d17.14
MinimumVisualStudioVersion = 10.0.40219.1
Project("{8BC9CEB8-8B4A-11D0-8D11-00A0C91BC942}") = "facad pattern excer", "facad pattern excer\facad pattern excer.vcxproj", "{56878C41-8775-4C6F-81FE-E7FABE046B58}"
EndProject
Global
	GlobalSection(SolutionConfigurationPlatforms) = preSolution
		Debug|x64 = Debug|x64
		Debug|x86 = Debug|x86
		Release|x64 = Release|x64
		Release|x86 = Release|x86
	EndGlobalSection
	GlobalSection(ProjectConfigurationPlatforms) = postSolution
		{56878C41-8775-4C6F-81FE-E7FABE046B58}.Debug|x64.ActiveCfg = Debug|x64
		{56878C41-8775-4C6F-81FE-E7FABE046B58}.Debug|x64.Build.0 = Debug|x64
		{56878C41-8775-4C6F-81FE-E7FABE046B58}.Debug|x86.ActiveCfg = Debug|Win32
		{56878C41-8775-4C6F-81FE-E7FABE046B58}.Debug|x86.Build.0 = Debug|Win32
		{56878C41-8775-4C6F-81FE-E7FABE046B58}.Release|x64.ActiveCfg = Release|x64
		{56878C41-8775-4C6F-81FE-E7FABE046B58}.Release|x64.Build.0 = Release|x64
		{56878C41-8775-4C6F-81FE-E7FABE046B58}.Release|x86.ActiveCfg = Release|Win32
		{56878C41-8775-4C6F-81FE-E7FABE046B58}.Release|x86.Build.0 = Release|Win32
	EndGlobalSection
	GlobalSection(SolutionProperties) = preSolution
		HideSolutionNode = FALSE
	EndGlobalSection
	GlobalSection(ExtensibilityGlobals) = postSolution
		SolutionGuid = {19814589-6502-416D-AA47-CDD622DC65AE}
	EndGlobalSection
EndGlobal
